
Microsoft Visual Studio Solution File, Format Version 12.00
# Visual Studio Version 16
VisualStudioVersion = 16.0.31624.102
MinimumVisualStudioVersion = 10.0.40219.1
Project("{8BC9CEB8-8B4A-11D0-8D11-00A0C91BC942}") = "Input_and_output_arr_file", "Input_and_output_arr_file.vcxproj", "{6FAB3176-945C-47BB-962B-4FC34A4F04CA}"
EndProject
Global
	GlobalSection(SolutionConfigurationPlatforms) = preSolution
		Debug|x64 = Debug|x64
		Debug|x86 = Debug|x86
		Release|x64 = Release|x64
		Release|x86 = Release|x86
	EndGlobalSection
	GlobalSection(ProjectConfigurationPlatforms) = postSolution
		{6FAB3176-945C-47BB-962B-4FC34A4F04CA}.Debug|x64.ActiveCfg = Debug|x64
		{6FAB3176-945C-47BB-962B-4FC34A4F04CA}.Debug|x64.Build.0 = Debug|x64
		{6FAB3176-945C-47BB-962B-4FC34A4F04CA}.Debug|x86.ActiveCfg = Debug|Win32
		{6FAB3176-945C-47BB-962B-4FC34A4F04CA}.Debug|x86.Build.0 = Debug|Win32
		{6FAB3176-945C-47BB-962B-4FC34A4F04CA}.Release|x64.ActiveCfg = Release|x64
		{6FAB3176-945C-47BB-962B-4FC34A4F04CA}.Release|x64.Build.0 = Release|x64
		{6FAB3176-945C-47BB-962B-4FC34A4F04CA}.Release|x86.ActiveCfg = Release|Win32
		{6FAB3176-945C-47BB-962B-4FC34A4F04CA}.Release|x86.Build.0 = Release|Win32
	EndGlobalSection
	GlobalSection(SolutionProperties) = preSolution
		HideSolutionNode = FALSE
	EndGlobalSection
	GlobalSection(ExtensibilityGlobals) = postSolution
		SolutionGuid = {F8C64407-CDD8-4CE5-8C11-F7A938BE3300}
	EndGlobalSection
EndGlobal
